hash: c8ab630b064bae800523bde7d94179a8f32303eb2cfc6d0bda04631efa8566b9
updated: 2018-07-24T18:05:35.12157-04:00
imports:
- name: github.com/upfluence/log
  version: 1a4fa4e5549e9cc4af598f23cd6d0dbf6d52d1af
  subpackages:
  - record
  - sink
- name: github.com/upfluence/pkg
  version: 42b5a4f4460a9f55709c51544a3960f65b094831
  subpackages:
  - log
testImports: []
