hash: 85f1a6b0b65db390347ebf2a73a96996e734e31b2b2d4ee36922a59aa9ee1696
updated: 2020-03-29T16:38:58.449402-04:00
imports:
- name: github.com/mattn/go-sqlite3
  version: 590d44c02bca83987d23f6eab75e6d0ddf95f644
- name: github.com/pkg/errors
  version: 614d223910a179a466c1767a985424175c39b465
- name: github.com/upfluence/log
  version: c9875854d3b869d94692984ab932fa603bc9dd6b
  subpackages:
  - record
  - sink
- name: github.com/upfluence/pkg
  version: 04f48ae1e1fb88cffc05d5812d958e72570f6ad0
  subpackages:
  - log
  - multierror
testImports: []
